
Microsoft Visual Studio Solution File, Format Version 12.00
# Visual Studio Version 17
VisualStudioVersion = 17.4.33205.214
MinimumVisualStudioVersion = 10.0.40219.1
Project("{9A19103F-16F7-4668-BE54-9A1E7A4F7556}") = "grocery-api", "grocery-api\grocery-api.csproj", "{959BE85A-FB65-49DA-AAA8-A256F1FDEC77}"
EndProject
Project("{FAE04EC0-301F-11D3-BF4B-00C04F79EFBC}") = "GroceryLogicTest", "GroceryLogicTest\GroceryLogicTest.csproj", "{EFC85B18-D0B1-4543-8FFB-44FB4955EBDF}"
	ProjectSection(ProjectDependencies) = postProject
		{959BE85A-FB65-49DA-AAA8-A256F1FDEC77} = {959BE85A-FB65-49DA-AAA8-A256F1FDEC77}
	EndProjectSection
EndProject
Global
	GlobalSection(SolutionConfigurationPlatforms) = preSolution
		Debug|Any CPU = Debug|Any CPU
		Release|Any CPU = Release|Any CPU
	EndGlobalSection
	GlobalSection(ProjectConfigurationPlatforms) = postSolution
		{959BE85A-FB65-49DA-AAA8-A256F1FDEC77}.Debug|Any CPU.ActiveCfg = Debug|Any CPU
		{959BE85A-FB65-49DA-AAA8-A256F1FDEC77}.Debug|Any CPU.Build.0 = Debug|Any CPU
		{959BE85A-FB65-49DA-AAA8-A256F1FDEC77}.Release|Any CPU.ActiveCfg = Release|Any CPU
		{959BE85A-FB65-49DA-AAA8-A256F1FDEC77}.Release|Any CPU.Build.0 = Release|Any CPU
		{EFC85B18-D0B1-4543-8FFB-44FB4955EBDF}.Debug|Any CPU.ActiveCfg = Debug|Any CPU
		{EFC85B18-D0B1-4543-8FFB-44FB4955EBDF}.Debug|Any CPU.Build.0 = Debug|Any CPU
		{EFC85B18-D0B1-4543-8FFB-44FB4955EBDF}.Release|Any CPU.ActiveCfg = Release|Any CPU
		{EFC85B18-D0B1-4543-8FFB-44FB4955EBDF}.Release|Any CPU.Build.0 = Release|Any CPU
	EndGlobalSection
	GlobalSection(SolutionProperties) = preSolution
		HideSolutionNode = FALSE
	EndGlobalSection
	GlobalSection(ExtensibilityGlobals) = postSolution
		SolutionGuid = {21B00750-408A-4F60-B24E-4AB22E76B84B}
	EndGlobalSection
EndGlobal
